// !$*UTF8*$!
{
	archiveVersion = 1;
	classes = {
	};
	objectVersion = 50;
	objects = {

/* Begin PBXBuildFile section */
		2E556D3C221E759D00C25B93 /* AppDelegate.swift in Sources */ = {isa = PBXBuildFile; fileRef = 2E556D3B221E759D00C25B93 /* AppDelegate.swift */; };
		2E556D3E221E759D00C25B93 /* ViewController.swift in Sources */ = {isa = PBXBuildFile; fileRef = 2E556D3D221E759D00C25B93 /* ViewController.swift */; };
		2E556D41221E759D00C25B93 /* Main.storyboard in Resources */ = {isa = PBXBuildFile; fileRef = 2E556D3F221E759D00C25B93 /* Main.storyboard */; };
		2E556D43221E759D00C25B93 /* Assets.xcassets in Resources */ = {isa = PBXBuildFile; fileRef = 2E556D42221E759D00C25B93 /* Assets.xcassets */; };
		2E556D46221E759D00C25B93 /* LaunchScreen.storyboard in Resources */ = {isa = PBXBuildFile; fileRef = 2E556D44221E759D00C25B93 /* LaunchScreen.storyboard */; };
		2E556D51221E759D00C25B93 /* MAVBTests.swift in Sources */ = {isa = PBXBuildFile; fileRef = 2E556D50221E759D00C25B93 /* MAVBTests.swift */; };
		2E556D5C221E759D00C25B93 /* MAVBUITests.swift in Sources */ = {isa = PBXBuildFile; fileRef = 2E556D5B221E759D00C25B93 /* MAVBUITests.swift */; };
/* End PBXBuildFile section */

/* Begin PBXContainerItemProxy section */
		2E556D4D221E759D00C25B93 /* PBXContainerItemProxy */ = {
			isa = PBXContainerItemProxy;
			containerPortal = 2E556D30221E759D00C25B93 /* Project object */;
			proxyType = 1;
			remoteGlobalIDString = 2E556D37221E759D00C25B93;
			remoteInfo = MAVB;
		};
		2E556D58221E759D00C25B93 /* PBXContainerItemProxy */ = {
			isa = PBXContainerItemProxy;
			containerPortal = 2E556D30221E759D00C25B93 /* Project object */;
			proxyType = 1;
			remoteGlobalIDString = 2E556D37221E759D00C25B93;
			remoteInfo = MAVB;
		};
/* End PBXContainerItemProxy section */

/* Begin PBXFileReference section */
		2E556D38221E759D00C25B93 /* MAVB.app */ = {isa = PBXFileReference; explicitFileType = wrapper.application; includeInIndex = 0; path = MAVB.app; sourceTree = BUILT_PRODUCTS_DIR; };
		2E556D3B221E759D00C25B93 /* AppDelegate.swift */ = {isa = PBXFileReference; lastKnownFileType = sourcecode.swift; path = AppDelegate.swift; sourceTree = "<group>"; };
		2E556D3D221E759D00C25B93 /* ViewController.swift */ = {isa = PBXFileReference; lastKnownFileType = sourcecode.swift; path = ViewController.swift; sourceTree = "<group>"; };
		2E556D40221E759D00C25B93 /* Base */ = {isa = PBXFileReference; lastKnownFileType = file.storyboard; name = Base; path = Base.lproj/Main.storyboard; sourceTree = "<group>"; };
		2E556D42221E759D00C25B93 /* Assets.xcassets */ = {isa = PBXFileReference; lastKnownFileType = folder.assetcatalog; path = Assets.xcassets; sourceTree = "<group>"; };
		2E556D45221E759D00C25B93 /* Base */ = {isa = PBXFileReference; lastKnownFileType = file.storyboard; name = Base; path = Base.lproj/LaunchScreen.storyboard; sourceTree = "<group>"; };
		2E556D47221E759D00C25B93 /* Info.plist */ = {isa = PBXFileReference; lastKnownFileType = text.plist.xml; path = Info.plist; sourceTree = "<group>"; };
		2E556D4C221E759D00C25B93 /* MAVBTests.xctest */ = {isa = PBXFileReference; explicitFileType = wrapper.cfbundle; includeInIndex = 0; path = MAVBTests.xctest; sourceTree = BUILT_PRODUCTS_DIR; };
		2E556D50221E759D00C25B93 /* MAVBTests.swift */ = {isa = PBXFileReference; lastKnownFileType = sourcecode.swift; path = MAVBTests.swift; sourceTree = "<group>"; };
		2E556D52221E759D00C25B93 /* Info.plist */ = {isa = PBXFileReference; lastKnownFileType = text.plist.xml; path = Info.plist; sourceTree = "<group>"; };
		2E556D57221E759D00C25B93 /* MAVBUITests.xctest */ = {isa = PBXFileReference; explicitFileType = wrapper.cfbundle; includeInIndex = 0; path = MAVBUITests.xctest; sourceTree = BUILT_PRODUCTS_DIR; };
		2E556D5B221E759D00C25B93 /* MAVBUITests.swift */ = {isa = PBXFileReference; lastKnownFileType = sourcecode.swift; path = MAVBUITests.swift; sourceTree = "<group>"; };
		2E556D5D221E759D00C25B93 /* Info.plist */ = {isa = PBXFileReference; lastKnownFileType = text.plist.xml; path = Info.plist; sourceTree = "<group>"; };
/* End PBXFileReference section */

/* Begin PBXFrameworksBuildPhase section */
		2E556D35221E759D00C25B93 /* Frameworks */ = {
			isa = PBXFrameworksBuildPhase;
			buildActionMask = 2147483647;
			files = (
			);
			runOnlyForDeploymentPostprocessing = 0;
		};
		2E556D49221E759D00C25B93 /* Frameworks */ = {
			isa = PBXFrameworksBuildPhase;
			buildActionMask = 2147483647;
			files = (
			);
			runOnlyForDeploymentPostprocessing = 0;
		};
		2E556D54221E759D00C25B93 /* Frameworks */ = {
			isa = PBXFrameworksBuildPhase;
			buildActionMask = 2147483647;
			files = (
			);
			runOnlyForDeploymentPostprocessing = 0;
		};
/* End PBXFrameworksBuildPhase section */

/* Begin PBXGroup section */
		2E556D2F221E759D00C25B93 = {
			isa = PBXGroup;
			children = (
				2E556D3A221E759D00C25B93 /* MAVB */,
				2E556D4F221E759D00C25B93 /* MAVBTests */,
				2E556D5A221E759D00C25B93 /* MAVBUITests */,
				2E556D39221E759D00C25B93 /* Products */,
			);
			sourceTree = "<group>";
		};
		2E556D39221E759D00C25B93 /* Products */ = {
			isa = PBXGroup;
			children = (
				2E556D38221E759D00C25B93 /* MAVB.app */,
				2E556D4C221E759D00C25B93 /* MAVBTests.xctest */,
				2E556D57221E759D00C25B93 /* MAVBUITests.xctest */,
			);
			name = Products;
			sourceTree = "<group>";
		};
		2E556D3A221E759D00C25B93 /* MAVB */ = {
			isa = PBXGroup;
			children = (
				2E556D3B221E759D00C25B93 /* AppDelegate.swift */,
				2E556D3D221E759D00C25B93 /* ViewController.swift */,
				2E556D3F221E759D00C25B93 /* Main.storyboard */,
				2E556D42221E759D00C25B93 /* Assets.xcassets */,
				2E556D44221E759D00C25B93 /* LaunchScreen.storyboard */,
				2E556D47221E759D00C25B93 /* Info.plist */,
			);
			path = MAVB;
			sourceTree = "<group>";
		};
		2E556D4F221E759D00C25B93 /* MAVBTests */ = {
			isa = PBXGroup;
			children = (
				2E556D50221E759D00C25B93 /* MAVBTests.swift */,
				2E556D52221E759D00C25B93 /* Info.plist */,
			);
			path = MAVBTests;
			sourceTree = "<group>";
		};
		2E556D5A221E759D00C25B93 /* MAVBUITests */ = {
			isa = PBXGroup;
			children = (
				2E556D5B221E759D00C25B93 /* MAVBUITests.swift */,
				2E556D5D221E759D00C25B93 /* Info.plist */,
			);
			path = MAVBUITests;
			sourceTree = "<group>";
		};
/* End PBXGroup section */

/* Begin PBXNativeTarget section */
		2E556D37221E759D00C25B93 /* MAVB */ = {
			isa = PBXNativeTarget;
			buildConfigurationList = 2E556D60221E759D00C25B93 /* Build configuration list for PBXNativeTarget "MAVB" */;
			buildPhases = (
				2E556D34221E759D00C25B93 /* Sources */,
				2E556D35221E759D00C25B93 /* Frameworks */,
				2E556D36221E759D00C25B93 /* Resources */,
			);
			buildRules = (
			);
			dependencies = (
			);
			name = MAVB;
			productName = MAVB;
			productReference = 2E556D38221E759D00C25B93 /* MAVB.app */;
			productType = "com.apple.product-type.application";
		};
		2E556D4B221E759D00C25B93 /* MAVBTests */ = {
			isa = PBXNativeTarget;
			buildConfigurationList = 2E556D63221E759D00C25B93 /* Build configuration list for PBXNativeTarget "MAVBTests" */;
			buildPhases = (
				2E556D48221E759D00C25B93 /* Sources */,
				2E556D49221E759D00C25B93 /* Frameworks */,
				2E556D4A221E759D00C25B93 /* Resources */,
			);
			buildRules = (
			);
			dependencies = (
				2E556D4E221E759D00C25B93 /* PBXTargetDependency */,
			);
			name = MAVBTests;
			productName = MAVBTests;
			productReference = 2E556D4C221E759D00C25B93 /* MAVBTests.xctest */;
			productType = "com.apple.product-type.bundle.unit-test";
		};
		2E556D56221E759D00C25B93 /* MAVBUITests */ = {
			isa = PBXNativeTarget;
			buildConfigurationList = 2E556D66221E759D00C25B93 /* Build configuration list for PBXNativeTarget "MAVBUITests" */;
			buildPhases = (
				2E556D53221E759D00C25B93 /* Sources */,
				2E556D54221E759D00C25B93 /* Frameworks */,
				2E556D55221E759D00C25B93 /* Resources */,
			);
			buildRules = (
			);
			dependencies = (
				2E556D59221E759D00C25B93 /* PBXTargetDependency */,
			);
			name = MAVBUITests;
			productName = MAVBUITests;
			productReference = 2E556D57221E759D00C25B93 /* MAVBUITests.xctest */;
			productType = "com.apple.product-type.bundle.ui-testing";
		};
/* End PBXNativeTarget section */

/* Begin PBXProject section */
		2E556D30221E759D00C25B93 /* Project object */ = {
			isa = PBXProject;
			attributes = {
				LastSwiftUpdateCheck = 1010;
				LastUpgradeCheck = 1010;
				ORGANIZATIONNAME = "ww王伟(携程金融)";
				TargetAttributes = {
					2E556D37221E759D00C25B93 = {
						CreatedOnToolsVersion = 10.1;
					};
					2E556D4B221E759D00C25B93 = {
						CreatedOnToolsVersion = 10.1;
						TestTargetID = 2E556D37221E759D00C25B93;
					};
					2E556D56221E759D00C25B93 = {
						CreatedOnToolsVersion = 10.1;
						TestTargetID = 2E556D37221E759D00C25B93;
					};
				};
			};
			buildConfigurationList = 2E556D33221E759D00C25B93 /* Build configuration list for PBXProject "MAVB" */;
			compatibilityVersion = "Xcode 9.3";
			developmentRegion = en;
			hasScannedForEncodings = 0;
			knownRegions = (
				en,
				Base,
			);
			mainGroup = 2E556D2F221E759D00C25B93;
			productRefGroup = 2E556D39221E759D00C25B93 /* Products */;
			projectDirPath = "";
			projectRoot = "";
			targets = (
				2E556D37221E759D00C25B93 /* MAVB */,
				2E556D4B221E759D00C25B93 /* MAVBTests */,
				2E556D56221E759D00C25B93 /* MAVBUITests */,
			);
		};
/* End PBXProject section */

/* Begin PBXResourcesBuildPhase section */
		2E556D36221E759D00C25B93 /* Resources */ = {
			isa = PBXResourcesBuildPhase;
			buildActionMask = 2147483647;
			files = (
				2E556D46221E759D00C25B93 /* LaunchScreen.storyboard in Resources */,
				2E556D43221E759D00C25B93 /* Assets.xcassets in Resources */,
				2E556D41221E759D00C25B93 /* Main.storyboard in Resources */,
			);
			runOnlyForDeploymentPostprocessing = 0;
		};
		2E556D4A221E759D00C25B93 /* Resources */ = {
			isa = PBXResourcesBuildPhase;
			buildActionMask = 2147483647;
			files = (
			);
			runOnlyForDeploymentPostprocessing = 0;
		};
		2E556D55221E759D00C25B93 /* Resources */ = {
			isa = PBXResourcesBuildPhase;
			buildActionMask = 2147483647;
			files = (
			);
			runOnlyForDeploymentPostprocessing = 0;
		};
/* End PBXResourcesBuildPhase section */

/* Begin PBXSourcesBuildPhase section */
		2E556D34221E759D00C25B93 /* Sources */ = {
			isa = PBXSourcesBuildPhase;
			buildActionMask = 2147483647;
			files = (
				2E556D3E221E759D00C25B93 /* ViewController.swift in Sources */,
				2E556D3C221E759D00C25B93 /* AppDelegate.swift in Sources */,
			);
			runOnlyForDeploymentPostprocessing = 0;
		};
		2E556D48221E759D00C25B93 /* Sources */ = {
			isa = PBXSourcesBuildPhase;
			buildActionMask = 2147483647;
			files = (
				2E556D51221E759D00C25B93 /* MAVBTests.swift in Sources */,
			);
			runOnlyForDeploymentPostprocessing = 0;
		};
		2E556D53221E759D00C25B93 /* Sources */ = {
			isa = PBXSourcesBuildPhase;
			buildActionMask = 2147483647;
			files = (
				2E556D5C221E759D00C25B93 /* MAVBUITests.swift in Sources */,
			);
			runOnlyForDeploymentPostprocessing = 0;
		};
/* End PBXSourcesBuildPhase section */

/* Begin PBXTargetDependency section */
		2E556D4E221E759D00C25B93 /* PBXTargetDependency */ = {
			isa = PBXTargetDependency;
			target = 2E556D37221E759D00C25B93 /* MAVB */;
			targetProxy = 2E556D4D221E759D00C25B93 /* PBXContainerItemProxy */;
		};
		2E556D59221E759D00C25B93 /* PBXTargetDependency */ = {
			isa = PBXTargetDependency;
			target = 2E556D37221E759D00C25B93 /* MAVB */;
			targetProxy = 2E556D58221E759D00C25B93 /* PBXContainerItemProxy */;
		};
/* End PBXTargetDependency section */

/* Begin PBXVariantGroup section */
		2E556D3F221E759D00C25B93 /* Main.storyboard */ = {
			isa = PBXVariantGroup;
			children = (
				2E556D40221E759D00C25B93 /* Base */,
			);
			name = Main.storyboard;
			sourceTree = "<group>";
		};
		2E556D44221E759D00C25B93 /* LaunchScreen.storyboard */ = {
			isa = PBXVariantGroup;
			children = (
				2E556D45221E759D00C25B93 /* Base */,
			);
			name = LaunchScreen.storyboard;
			sourceTree = "<group>";
		};
/* End PBXVariantGroup section */

/* Begin XCBuildConfiguration section */
		2E556D5E221E759D00C25B93 /* Debug */ = {
			isa = XCBuildConfiguration;
			buildSettings = {
				ALWAYS_SEARCH_USER_PATHS = NO;
				CLANG_ANALYZER_NONNULL = YES;
				CLANG_ANALYZER_NUMBER_OBJECT_CONVERSION = YES_AGGRESSIVE;
				CLANG_CXX_LANGUAGE_STANDARD = "gnu++14";
				CLANG_CXX_LIBRARY = "libc++";
				CLANG_ENABLE_MODULES = YES;
				CLANG_ENABLE_OBJC_ARC = YES;
				CLANG_ENABLE_OBJC_WEAK = YES;
				CLANG_WARN_BLOCK_CAPTURE_AUTORELEASING = YES;
				CLANG_WARN_BOOL_CONVERSION = YES;
				CLANG_WARN_COMMA = YES;
				CLANG_WARN_CONSTANT_CONVERSION = YES;
				CLANG_WARN_DEPRECATED_OBJC_IMPLEMENTATIONS = YES;
				CLANG_WARN_DIRECT_OBJC_ISA_USAGE = YES_ERROR;
				CLANG_WARN_DOCUMENTATION_COMMENTS = YES;
				CLANG_WARN_EMPTY_BODY = YES;
				CLANG_WARN_ENUM_CONVERSION = YES;
				CLANG_WARN_INFINITE_RECURSION = YES;
				CLANG_WARN_INT_CONVERSION = YES;
				CLANG_WARN_NON_LITERAL_NULL_CONVERSION = YES;
				CLANG_WARN_OBJC_IMPLICIT_RETAIN_SELF = YES;
				CLANG_WARN_OBJC_LITERAL_CONVERSION = YES;
				CLANG_WARN_OBJC_ROOT_CLASS = YES_ERROR;
				CLANG_WARN_RANGE_LOOP_ANALYSIS = YES;
				CLANG_WARN_STRICT_PROTOTYPES = YES;
				CLANG_WARN_SUSPICIOUS_MOVE = YES;
				CLANG_WARN_UNGUARDED_AVAILABILITY = YES_AGGRESSIVE;
				CLANG_WARN_UNREACHABLE_CODE = YES;
				CLANG_WARN__DUPLICATE_METHOD_MATCH = YES;
				CODE_SIGN_IDENTITY = "iPhone Developer";
				COPY_PHASE_STRIP = NO;
				DEBUG_INFORMATION_FORMAT = dwarf;
				ENABLE_STRICT_OBJC_MSGSEND = YES;
				ENABLE_TESTABILITY = YES;
				GCC_C_LANGUAGE_STANDARD = gnu11;
				GCC_DYNAMIC_NO_PIC = NO;
				GCC_NO_COMMON_BLOCKS = YES;
				GCC_OPTIMIZATION_LEVEL = 0;
				GCC_PREPROCESSOR_DEFINITIONS = (
					"DEBUG=1",
					"$(inherited)",
				);
				GCC_WARN_64_TO_32_BIT_CONVERSION = YES;
				GCC_WARN_ABOUT_RETURN_TYPE = YES_ERROR;
				GCC_WARN_UNDECLARED_SELECTOR = YES;
				GCC_WARN_UNINITIALIZED_AUTOS = YES_AGGRESSIVE;
				GCC_WARN_UNUSED_FUNCTION = YES;
				GCC_WARN_UNUSED_VARIABLE = YES;
				IPHONEOS_DEPLOYMENT_TARGET = 12.1;
				MTL_ENABLE_DEBUG_INFO = INCLUDE_SOURCE;
				MTL_FAST_MATH = YES;
				ONLY_ACTIVE_ARCH = YES;
				SDKROOT = iphoneos;
				SWIFT_ACTIVE_COMPILATION_CONDITIONS = DEBUG;
				SWIFT_OPTIMIZATION_LEVEL = "-Onone";
			};
			name = Debug;
		};
		2E556D5F221E759D00C25B93 /* Release */ = {
			isa = XCBuildConfiguration;
			buildSettings = {
				ALWAYS_SEARCH_USER_PATHS = NO;
				CLANG_ANALYZER_NONNULL = YES;
				CLANG_ANALYZER_NUMBER_OBJECT_CONVERSION = YES_AGGRESSIVE;
				CLANG_CXX_LANGUAGE_STANDARD = "gnu++14";
				CLANG_CXX_LIBRARY = "libc++";
				CLANG_ENABLE_MODULES = YES;
				CLANG_ENABLE_OBJC_ARC = YES;
				CLANG_ENABLE_OBJC_WEAK = YES;
				CLANG_WARN_BLOCK_CAPTURE_AUTORELEASING = YES;
				CLANG_WARN_BOOL_CONVERSION = YES;
				CLANG_WARN_COMMA = YES;
				CLANG_WARN_CONSTANT_CONVERSION = YES;
				CLANG_WARN_DEPRECATED_OBJC_IMPLEMENTATIONS = YES;
				CLANG_WARN_DIRECT_OBJC_ISA_USAGE = YES_ERROR;
				CLANG_WARN_DOCUMENTATION_COMMENTS = YES;
				CLANG_WARN_EMPTY_BODY = YES;
				CLANG_WARN_ENUM_CONVERSION = YES;
				CLANG_WARN_INFINITE_RECURSION = YES;
				CLANG_WARN_INT_CONVERSION = YES;
				CLANG_WARN_NON_LITERAL_NULL_CONVERSION = YES;
				CLANG_WARN_OBJC_IMPLICIT_RETAIN_SELF = YES;
				CLANG_WARN_OBJC_LITERAL_CONVERSION = YES;
				CLANG_WARN_OBJC_ROOT_CLASS = YES_ERROR;
				CLANG_WARN_RANGE_LOOP_ANALYSIS = YES;
				CLANG_WARN_STRICT_PROTOTYPES = YES;
				CLANG_WARN_SUSPICIOUS_MOVE = YES;
				CLANG_WARN_UNGUARDED_AVAILABILITY = YES_AGGRESSIVE;
				CLANG_WARN_UNREACHABLE_CODE = YES;
				CLANG_WARN__DUPLICATE_METHOD_MATCH = YES;
				CODE_SIGN_IDENTITY = "iPhone Developer";
				COPY_PHASE_STRIP = NO;
				DEBUG_INFORMATION_FORMAT = "dwarf-with-dsym";
				ENABLE_NS_ASSERTIONS = NO;
				ENABLE_STRICT_OBJC_MSGSEND = YES;
				GCC_C_LANGUAGE_STANDARD = gnu11;
				GCC_NO_COMMON_BLOCKS = YES;
				GCC_WARN_64_TO_32_BIT_CONVERSION = YES;
				GCC_WARN_ABOUT_RETURN_TYPE = YES_ERROR;
				GCC_WARN_UNDECLARED_SELECTOR = YES;
				GCC_WARN_UNINITIALIZED_AUTOS = YES_AGGRESSIVE;
				GCC_WARN_UNUSED_FUNCTION = YES;
				GCC_WARN_UNUSED_VARIABLE = YES;
				IPHONEOS_DEPLOYMENT_TARGET = 12.1;
				MTL_ENABLE_DEBUG_INFO = NO;
				MTL_FAST_MATH = YES;
				SDKROOT = iphoneos;
				SWIFT_COMPILATION_MODE = wholemodule;
				SWIFT_OPTIMIZATION_LEVEL = "-O";
				VALIDATE_PRODUCT = YES;
			};
			name = Release;
		};
		2E556D61221E759D00C25B93 /* Debug */ = {
			isa = XCBuildConfiguration;
			buildSettings = {
				ASSETCATALOG_COMPILER_APPICON_NAME = AppIcon;
				CODE_SIGN_STYLE = Automatic;
				DEVELOPMENT_TEAM = GLG2UNSU66;
				INFOPLIST_FILE = MAVB/Info.plist;
				LD_RUNPATH_SEARCH_PATHS = (
					"$(inherited)",
					"@executable_path/Frameworks",
				);
				PRODUCT_BUNDLE_IDENTIFIER = ctrip.com.MAVB;
				PRODUCT_NAME = "$(TARGET_NAME)";
				SWIFT_VERSION = 4.2;
				TARGETED_DEVICE_FAMILY = "1,2";
			};
			name = Debug;
		};
		2E556D62221E759D00C25B93 /* Release */ = {
			isa = XCBuildConfiguration;
			buildSettings = {
				ASSETCATALOG_COMPILER_APPICON_NAME = AppIcon;
				CODE_SIGN_STYLE = Automatic;
				DEVELOPMENT_TEAM = GLG2UNSU66;
				INFOPLIST_FILE = MAVB/Info.plist;
				LD_RUNPATH_SEARCH_PATHS = (
					"$(inherited)",
					"@executable_path/Frameworks",
				);
				PRODUCT_BUNDLE_IDENTIFIER = ctrip.com.MAVB;
				PRODUCT_NAME = "$(TARGET_NAME)";
				SWIFT_VERSION = 4.2;
				TARGETED_DEVICE_FAMILY = "1,2";
			};
			name = Release;
		};
		2E556D64221E759D00C25B93 /* Debug */ = {
			isa = XCBuildConfiguration;
			buildSettings = {
				ALWAYS_EMBED_SWIFT_STANDARD_LIBRARIES = YES;
				BUNDLE_LOADER = "$(TEST_HOST)";
				CODE_SIGN_STYLE = Automatic;
				DEVELOPMENT_TEAM = GLG2UNSU66;
				INFOPLIST_FILE = MAVBTests/Info.plist;
				LD_RUNPATH_SEARCH_PATHS = (
					"$(inherited)",
					"@executable_path/Frameworks",
					"@loader_path/Frameworks",
				);
				PRODUCT_BUNDLE_IDENTIFIER = ctrip.com.MAVBTests;
				PRODUCT_NAME = "$(TARGET_NAME)";
				SWIFT_VERSION = 4.2;
				TARGETED_DEVICE_FAMILY = "1,2";
				TEST_HOST = "$(BUILT_PRODUCTS_DIR)/MAVB.app/MAVB";
			};
			name = Debug;
		};
		2E556D65221E759D00C25B93 /* Release */ = {
			isa = XCBuildConfiguration;
			buildSettings = {
				ALWAYS_EMBED_SWIFT_STANDARD_LIBRARIES = YES;
				BUNDLE_LOADER = "$(TEST_HOST)";
				CODE_SIGN_STYLE = Automatic;
				DEVELOPMENT_TEAM = GLG2UNSU66;
				INFOPLIST_FILE = MAVBTests/Info.plist;
				LD_RUNPATH_SEARCH_PATHS = (
					"$(inherited)",
					"@executable_path/Frameworks",
					"@loader_path/Frameworks",
				);
				PRODUCT_BUNDLE_IDENTIFIER = ctrip.com.MAVBTests;
				PRODUCT_NAME = "$(TARGET_NAME)";
				SWIFT_VERSION = 4.2;
				TARGETED_DEVICE_FAMILY = "1,2";
				TEST_HOST = "$(BUILT_PRODUCTS_DIR)/MAVB.app/MAVB";
			};
			name = Release;
		};
		2E556D67221E759D00C25B93 /* Debug */ = {
			isa = XCBuildConfiguration;
			buildSettings = {
				ALWAYS_EMBED_SWIFT_STANDARD_LIBRARIES = YES;
				CODE_SIGN_STYLE = Automatic;
				DEVELOPMENT_TEAM = GLG2UNSU66;
				INFOPLIST_FILE = MAVBUITests/Info.plist;
				LD_RUNPATH_SEARCH_PATHS = (
					"$(inherited)",
					"@executable_path/Frameworks",
					"@loader_path/Frameworks",
				);
				PRODUCT_BUNDLE_IDENTIFIER = ctrip.com.MAVBUITests;
				PRODUCT_NAME = "$(TARGET_NAME)";
				SWIFT_VERSION = 4.2;
				TARGETED_DEVICE_FAMILY = "1,2";
				TEST_TARGET_NAME = MAVB;
			};
			name = Debug;
		};
		2E556D68221E759D00C25B93 /* Release */ = {
			isa = XCBuildConfiguration;
			buildSettings = {
				ALWAYS_EMBED_SWIFT_STANDARD_LIBRARIES = YES;
				CODE_SIGN_STYLE = Automatic;
				DEVELOPMENT_TEAM = GLG2UNSU66;
				INFOPLIST_FILE = MAVBUITests/Info.plist;
				LD_RUNPATH_SEARCH_PATHS = (
					"$(inherited)",
					"@executable_path/Frameworks",
					"@loader_path/Frameworks",
				);
				PRODUCT_BUNDLE_IDENTIFIER = ctrip.com.MAVBUITests;
				PRODUCT_NAME = "$(TARGET_NAME)";
				SWIFT_VERSION = 4.2;
				TARGETED_DEVICE_FAMILY = "1,2";
				TEST_TARGET_NAME = MAVB;
			};
			name = Release;
		};
/* End XCBuildConfiguration section */

/* Begin XCConfigurationList section */
		2E556D33221E759D00C25B93 /* Build configuration list for PBXProject "MAVB" */ = {
			isa = XCConfigurationList;
			buildConfigurations = (
				2E556D5E221E759D00C25B93 /* Debug */,
				2E556D5F221E759D00C25B93 /* Release */,
			);
			defaultConfigurationIsVisible = 0;
			defaultConfigurationName = Release;
		};
		2E556D60221E759D00C25B93 /* Build configuration list for PBXNativeTarget "MAVB" */ = {
			isa = XCConfigurationList;
			buildConfigurations = (
				2E556D61221E759D00C25B93 /* Debug */,
				2E556D62221E759D00C25B93 /* Release */,
			);
			defaultConfigurationIsVisible = 0;
			defaultConfigurationName = Release;
		};
		2E556D63221E759D00C25B93 /* Build configuration list for PBXNativeTarget "MAVBTests" */ = {
			isa = XCConfigurationList;
			buildConfigurations = (
				2E556D64221E759D00C25B93 /* Debug */,
				2E556D65221E759D00C25B93 /* Release */,
			);
			defaultConfigurationIsVisible = 0;
			defaultConfigurationName = Release;
		};
		2E556D66221E759D00C25B93 /* Build configuration list for PBXNativeTarget "MAVBUITests" */ = {
			isa = XCConfigurationList;
			buildConfigurations = (
				2E556D67221E759D00C25B93 /* Debug */,
				2E556D68221E759D00C25B93 /* Release */,
			);
			defaultConfigurationIsVisible = 0;
			defaultConfigurationName = Release;
		};
/* End XCConfigurationList section */
	};
	rootObject = 2E556D30221E759D00C25B93 /* Project object */;
}
